
Microsoft Visual Studio Solution File, Format Version 12.00
# Visual Studio Version 17
VisualStudioVersion = 17.3.32811.315
MinimumVisualStudioVersion = 10.0.40219.1
Project("{8BC9CEB8-8B4A-11D0-8D11-00A0C91BC942}") = "Harvest", "Hask\Hask.vcxproj", "{A2384E7A-3429-4443-AFC1-A57760256DD5}"
EndProject
Project("{8BC9CEB8-8B4A-11D0-8D11-00A0C91BC942}") = "Utils", "Core\Core.vcxitems", "{8D084142-1D4D-42B2-AD3B-C28E61EF4C09}"
EndProject
Project("{8BC9CEB8-8B4A-11D0-8D11-00A0C91BC942}") = "CoreA", "CoreA\CoreA.vcxitems", "{4B451034-C3EF-4B64-88F6-C611907CFCEB}"
EndProject
Project("{8BC9CEB8-8B4A-11D0-8D11-00A0C91BC942}") = "Libs", "Libs\Libs.vcxitems", "{7E85ADF6-1BCD-47D0-A55C-8B2E7FA65D9D}"
EndProject
Project("{8BC9CEB8-8B4A-11D0-8D11-00A0C91BC942}") = "CoreB", "CoreB\CoreB.vcxitems", "{1EBB6762-EE24-46CC-A01D-D20D396BDE82}"
EndProject
Global
	GlobalSection(SolutionConfigurationPlatforms) = preSolution
		Debug|x64 = Debug|x64
		Debug|x86 = Debug|x86
		HarvestRelease|x64 = HarvestRelease|x64
		HarvestRelease|x86 = HarvestRelease|x86
		Release|x64 = Release|x64
		Release|x86 = Release|x86
	EndGlobalSection
	GlobalSection(ProjectConfigurationPlatforms) = postSolution
		{A2384E7A-3429-4443-AFC1-A57760256DD5}.Debug|x64.ActiveCfg = Debug|x64
		{A2384E7A-3429-4443-AFC1-A57760256DD5}.Debug|x64.Build.0 = Debug|x64
		{A2384E7A-3429-4443-AFC1-A57760256DD5}.Debug|x86.ActiveCfg = Debug|Win32
		{A2384E7A-3429-4443-AFC1-A57760256DD5}.Debug|x86.Build.0 = Debug|Win32
		{A2384E7A-3429-4443-AFC1-A57760256DD5}.HarvestRelease|x64.ActiveCfg = HarvestRelease|x64
		{A2384E7A-3429-4443-AFC1-A57760256DD5}.HarvestRelease|x64.Build.0 = HarvestRelease|x64
		{A2384E7A-3429-4443-AFC1-A57760256DD5}.HarvestRelease|x86.ActiveCfg = HarvestRelease|Win32
		{A2384E7A-3429-4443-AFC1-A57760256DD5}.HarvestRelease|x86.Build.0 = HarvestRelease|Win32
		{A2384E7A-3429-4443-AFC1-A57760256DD5}.Release|x64.ActiveCfg = Release|x64
		{A2384E7A-3429-4443-AFC1-A57760256DD5}.Release|x64.Build.0 = Release|x64
		{A2384E7A-3429-4443-AFC1-A57760256DD5}.Release|x86.ActiveCfg = Release|Win32
		{A2384E7A-3429-4443-AFC1-A57760256DD5}.Release|x86.Build.0 = Release|Win32
	EndGlobalSection
	GlobalSection(SolutionProperties) = preSolution
		HideSolutionNode = FALSE
	EndGlobalSection
	GlobalSection(ExtensibilityGlobals) = postSolution
		SolutionGuid = {4BF2550F-4EA7-4916-B7DE-F136623A7CDC}
	EndGlobalSection
	GlobalSection(SharedMSBuildProjectFiles) = preSolution
		CoreB\CoreB.vcxitems*{1ebb6762-ee24-46cc-a01d-d20d396bde82}*SharedItemsImports = 9
		CoreA\CoreA.vcxitems*{4b451034-c3ef-4b64-88f6-c611907cfceb}*SharedItemsImports = 9
		Libs\Libs.vcxitems*{7e85adf6-1bcd-47d0-a55c-8b2e7fa65d9d}*SharedItemsImports = 9
		Core\Core.vcxitems*{8d084142-1d4d-42b2-ad3b-c28e61ef4c09}*SharedItemsImports = 9
		CoreA\CoreA.vcxitems*{a2384e7a-3429-4443-afc1-a57760256dd5}*SharedItemsImports = 4
		CoreB\CoreB.vcxitems*{a2384e7a-3429-4443-afc1-a57760256dd5}*SharedItemsImports = 4
		Core\Core.vcxitems*{a2384e7a-3429-4443-afc1-a57760256dd5}*SharedItemsImports = 4
		Libs\Libs.vcxitems*{a2384e7a-3429-4443-afc1-a57760256dd5}*SharedItemsImports = 4
	EndGlobalSection
EndGlobal
